<?xml version="1.0" encoding="utf-8"?>
<Project ToolsVersion="4.0" xmlns="http://schemas.microsoft.com/developer/msbuild/2003">
  <ItemGroup>
    <Filter Include="Source Files">
      <UniqueIdentifier>{4FC737F1-C7A5-4376-A066-2A32D752A2FF}</UniqueIdentifier>
      <Extensions>cpp;c;cc;cxx;def;odl;idl;hpj;bat;asm;asmx</Extensions>
    </Filter>
    <Filter Include="headers">
      <UniqueIdentifier>{ae10b4bc-5c40-4739-8e3e-f837754f98b8}</UniqueIdentifier>
    </Filter>
    <Filter Include="cuda">
      <UniqueIdentifier>{5579b919-124b-4f41-ad47-e55c9cb5fabb}</UniqueIdentifier>
    </Filter>
    <Filter Include="internship">
      <UniqueIdentifier>{140bb820-863a-45fe-b7d1-282a27ad4d06}</UniqueIdentifier>
    </Filter>
    <Filter Include="cuda\headers">
      <UniqueIdentifier>{9a817a7b-4443-4c53-bb44-9f1ff4dd2c0b}</UniqueIdentifier>
    </Filter>
    <Filter Include="internship\GCJ2015">
      <UniqueIdentifier>{3df1aac2-92b7-4b24-a0b5-84838208eba7}</UniqueIdentifier>
    </Filter>
    <Filter Include="internship\beauty of programming">
      <UniqueIdentifier>{4e3c6ec9-9ac5-4668-922b-05f63948468a}</UniqueIdentifier>
    </Filter>
    <Filter Include="internship\ms">
      <UniqueIdentifier>{f0aea69f-919e-4f40-9578-c43fe3fcf379}</UniqueIdentifier>
    </Filter>
    <Filter Include="algorithm">
      <UniqueIdentifier>{a39c0de3-623d-425e-98cd-bbb6c481a174}</UniqueIdentifier>
    </Filter>
    <Filter Include="internship\netease">
      <UniqueIdentifier>{fe1387a5-ea7d-44e7-bfe0-fd36e942f052}</UniqueIdentifier>
    </Filter>
  </ItemGroup>
  <ItemGroup>
    <ClCompile Include="shared_ptr.cpp">
      <Filter>Source Files</Filter>
    </ClCompile>
    <ClCompile Include="polymorphic.cpp">
      <Filter>Source Files</Filter>
    </ClCompile>
    <ClCompile Include="friend class.cpp">
      <Filter>Source Files</Filter>
    </ClCompile>
    <ClCompile Include="lambda.cpp">
      <Filter>Source Files</Filter>
    </ClCompile>
    <ClCompile Include="fab mod.cpp">
      <Filter>Source Files</Filter>
    </ClCompile>
    <ClCompile Include="list all subfolders and duplicate files.cpp">
      <Filter>Source Files</Filter>
    </ClCompile>
    <ClCompile Include="freeList.cpp">
      <Filter>Source Files</Filter>
    </ClCompile>
    <ClCompile Include="freelist_.cpp">
      <Filter>Source Files</Filter>
    </ClCompile>
    <ClCompile Include="ms33.cpp">
      <Filter>internship</Filter>
    </ClCompile>
    <ClCompile Include="ali3.cpp">
      <Filter>internship</Filter>
    </ClCompile>
    <ClCompile Include="template_test.cpp">
      <Filter>Source Files</Filter>
    </ClCompile>
    <ClCompile Include="template.cpp">
      <Filter>headers</Filter>
    </ClCompile>
    <ClCompile Include="QR_problem_A.cpp">
      <Filter>internship\GCJ2015</Filter>
    </ClCompile>
    <ClCompile Include="queue.cpp">
      <Filter>internship</Filter>
    </ClCompile>
    <ClCompile Include="0-1_2_19.cpp">
      <Filter>internship\beauty of programming</Filter>
    </ClCompile>
    <ClCompile Include="tx0.cpp">
      <Filter>internship</Filter>
    </ClCompile>
    <ClCompile Include="ms1.cpp">
      <Filter>internship\ms</Filter>
    </ClCompile>
    <ClCompile Include="ms2.cpp">
      <Filter>internship\ms</Filter>
    </ClCompile>
    <ClCompile Include="ms3.cpp">
      <Filter>internship\ms</Filter>
    </ClCompile>
    <ClCompile Include="ms4.cpp">
      <Filter>internship\ms</Filter>
    </ClCompile>
    <ClCompile Include="internship\factorial.cpp">
      <Filter>internship</Filter>
    </ClCompile>
    <ClCompile Include="internship\ali-1-tree depth.cpp">
      <Filter>internship</Filter>
    </ClCompile>
    <ClCompile Include="internship\ali_2_over half.cpp">
      <Filter>internship</Filter>
    </ClCompile>
    <ClCompile Include="internship\bp_1.cpp">
      <Filter>internship\beauty of programming</Filter>
    </ClCompile>
    <ClCompile Include="internship\ms_2.cpp">
      <Filter>internship\ms</Filter>
    </ClCompile>
    <ClCompile Include="bd2.cpp">
      <Filter>internship\beauty of programming</Filter>
    </ClCompile>
    <ClCompile Include="360_1.cpp">
      <Filter>internship</Filter>
    </ClCompile>
    <ClCompile Include="ms2_qpj.cpp">
      <Filter>internship\ms</Filter>
    </ClCompile>
    <ClCompile Include="internship\ms_sh01.cpp">
      <Filter>internship\ms</Filter>
    </ClCompile>
    <ClCompile Include="find position.cpp">
      <Filter>Source Files</Filter>
    </ClCompile>
    <ClCompile Include="sort3.cpp">
      <Filter>algorithm</Filter>
    </ClCompile>
    <ClCompile Include="algorithm\morris traversal.cpp">
      <Filter>algorithm</Filter>
    </ClCompile>
    <ClCompile Include="average 3.cpp">
      <Filter>Source Files</Filter>
    </ClCompile>
    <ClCompile Include="netease1.cpp">
      <Filter>internship\netease</Filter>
    </ClCompile>
    <ClCompile Include="netease2.cpp">
      <Filter>internship\netease</Filter>
    </ClCompile>
    <ClCompile Include="netease3-1.cpp">
      <Filter>internship\netease</Filter>
    </ClCompile>
    <ClCompile Include="netease3-2.cpp">
      <Filter>internship\netease</Filter>
    </ClCompile>
    <ClCompile Include="netease3-3.cpp">
      <Filter>internship\netease</Filter>
    </ClCompile>
    <ClCompile Include="internship\singleton.cpp">
      <Filter>Source Files</Filter>
    </ClCompile>
    <ClCompile Include="internship\indeed_1.cpp">
      <Filter>internship</Filter>
    </ClCompile>
    <ClCompile Include="internship\indeed_2.cpp">
      <Filter>internship</Filter>
    </ClCompile>
    <ClCompile Include="Travel Information Center_tangle.cpp">
      <Filter>internship</Filter>
    </ClCompile>
    <ClCompile Include="game_tangle.cpp">
      <Filter>internship</Filter>
    </ClCompile>
    <ClCompile Include="test_printf.cpp">
      <Filter>Source Files</Filter>
    </ClCompile>
  </ItemGroup>
  <ItemGroup>
    <CudaCompile Include="device class member.cu">
      <Filter>cuda</Filter>
    </CudaCompile>
    <CudaCompile Include="two-dimensional array.cu">
      <Filter>cuda</Filter>
    </CudaCompile>
    <CudaCompile Include="array parameter.cu">
      <Filter>cuda</Filter>
    </CudaCompile>
    <CudaCompile Include="cuda\thrust_test.cu">
      <Filter>cuda</Filter>
    </CudaCompile>
    <CudaCompile Include="internship\cuda_prog_1.cu">
      <Filter>internship</Filter>
    </CudaCompile>
    <CudaCompile Include="cuda_prop_0.cu">
      <Filter>internship</Filter>
    </CudaCompile>
  </ItemGroup>
  <ItemGroup>
    <ClInclude Include="dirent.h">
      <Filter>headers</Filter>
    </ClInclude>
    <ClInclude Include="atomic.cuh">
      <Filter>cuda\headers</Filter>
    </ClInclude>
    <ClInclude Include="template.h">
      <Filter>headers</Filter>
    </ClInclude>
  </ItemGroup>
  <ItemGroup>
    <Text Include="internship\optimization.txt">
      <Filter>internship</Filter>
    </Text>
  </ItemGroup>
</Project>