<?xml version="1.0" encoding="utf-8"?>
<Project ToolsVersion="4.0" xmlns="http://schemas.microsoft.com/developer/msbuild/2003">
  <ItemGroup>
    <Filter Include="cuda">
      <UniqueIdentifier>{5579b919-124b-4f41-ad47-e55c9cb5fabb}</UniqueIdentifier>
    </Filter>
    <Filter Include="internship">
      <UniqueIdentifier>{140bb820-863a-45fe-b7d1-282a27ad4d06}</UniqueIdentifier>
    </Filter>
    <Filter Include="internship\GCJ2015">
      <UniqueIdentifier>{3df1aac2-92b7-4b24-a0b5-84838208eba7}</UniqueIdentifier>
    </Filter>
    <Filter Include="internship\beauty of programming">
      <UniqueIdentifier>{4e3c6ec9-9ac5-4668-922b-05f63948468a}</UniqueIdentifier>
    </Filter>
    <Filter Include="internship\ms">
      <UniqueIdentifier>{f0aea69f-919e-4f40-9578-c43fe3fcf379}</UniqueIdentifier>
    </Filter>
    <Filter Include="algorithm">
      <UniqueIdentifier>{a39c0de3-623d-425e-98cd-bbb6c481a174}</UniqueIdentifier>
    </Filter>
    <Filter Include="internship\netease">
      <UniqueIdentifier>{fe1387a5-ea7d-44e7-bfe0-fd36e942f052}</UniqueIdentifier>
    </Filter>
    <Filter Include="cplusplus">
      <UniqueIdentifier>{4FC737F1-C7A5-4376-A066-2A32D752A2FF}</UniqueIdentifier>
      <Extensions>cpp;c;cc;cxx;def;odl;idl;hpj;bat;asm;asmx</Extensions>
    </Filter>
    <Filter Include="recruitment">
      <UniqueIdentifier>{d50f16fe-ac38-47d6-ae32-ed200977573a}</UniqueIdentifier>
    </Filter>
  </ItemGroup>
  <ItemGroup>
    <ClCompile Include="QR_problem_A.cpp">
      <Filter>internship\GCJ2015</Filter>
    </ClCompile>
    <ClCompile Include="0-1_2_19.cpp">
      <Filter>internship\beauty of programming</Filter>
    </ClCompile>
    <ClCompile Include="ms1.cpp">
      <Filter>internship\ms</Filter>
    </ClCompile>
    <ClCompile Include="ms2.cpp">
      <Filter>internship\ms</Filter>
    </ClCompile>
    <ClCompile Include="ms3.cpp">
      <Filter>internship\ms</Filter>
    </ClCompile>
    <ClCompile Include="ms4.cpp">
      <Filter>internship\ms</Filter>
    </ClCompile>
    <ClCompile Include="internship\factorial.cpp">
      <Filter>internship</Filter>
    </ClCompile>
    <ClCompile Include="internship\ali-1-tree depth.cpp">
      <Filter>internship</Filter>
    </ClCompile>
    <ClCompile Include="internship\ali_2_over half.cpp">
      <Filter>internship</Filter>
    </ClCompile>
    <ClCompile Include="internship\bp_1.cpp">
      <Filter>internship\beauty of programming</Filter>
    </ClCompile>
    <ClCompile Include="internship\ms_2.cpp">
      <Filter>internship\ms</Filter>
    </ClCompile>
    <ClCompile Include="bd2.cpp">
      <Filter>internship\beauty of programming</Filter>
    </ClCompile>
    <ClCompile Include="ms2_qpj.cpp">
      <Filter>internship\ms</Filter>
    </ClCompile>
    <ClCompile Include="internship\ms_sh01.cpp">
      <Filter>internship\ms</Filter>
    </ClCompile>
    <ClCompile Include="algorithm\morris traversal.cpp">
      <Filter>algorithm</Filter>
    </ClCompile>
    <ClCompile Include="netease1.cpp">
      <Filter>internship\netease</Filter>
    </ClCompile>
    <ClCompile Include="netease2.cpp">
      <Filter>internship\netease</Filter>
    </ClCompile>
    <ClCompile Include="netease3-1.cpp">
      <Filter>internship\netease</Filter>
    </ClCompile>
    <ClCompile Include="netease3-2.cpp">
      <Filter>internship\netease</Filter>
    </ClCompile>
    <ClCompile Include="netease3-3.cpp">
      <Filter>internship\netease</Filter>
    </ClCompile>
    <ClCompile Include="internship\indeed_1.cpp">
      <Filter>internship</Filter>
    </ClCompile>
    <ClCompile Include="internship\indeed_2.cpp">
      <Filter>internship</Filter>
    </ClCompile>
    <ClCompile Include="cplusplus\friend class.cpp">
      <Filter>cplusplus</Filter>
    </ClCompile>
    <ClCompile Include="cplusplus\lambda.cpp">
      <Filter>cplusplus</Filter>
    </ClCompile>
    <ClCompile Include="cplusplus\operator.cpp">
      <Filter>cplusplus</Filter>
    </ClCompile>
    <ClCompile Include="cplusplus\polymorphic.cpp">
      <Filter>cplusplus</Filter>
    </ClCompile>
    <ClCompile Include="cplusplus\queue.cpp">
      <Filter>cplusplus</Filter>
    </ClCompile>
    <ClCompile Include="cplusplus\shared_ptr.cpp">
      <Filter>cplusplus</Filter>
    </ClCompile>
    <ClCompile Include="cplusplus\singleton.cpp">
      <Filter>cplusplus</Filter>
    </ClCompile>
    <ClCompile Include="cplusplus\template.cpp">
      <Filter>cplusplus</Filter>
    </ClCompile>
    <ClCompile Include="cplusplus\template_test.cpp">
      <Filter>cplusplus</Filter>
    </ClCompile>
    <ClCompile Include="cplusplus\test_printf_sizeof.cpp">
      <Filter>cplusplus</Filter>
    </ClCompile>
    <ClCompile Include="algorithm\average 3.cpp">
      <Filter>algorithm</Filter>
    </ClCompile>
    <ClCompile Include="algorithm\combination numbers.cpp">
      <Filter>algorithm</Filter>
    </ClCompile>
    <ClCompile Include="algorithm\fab mod.cpp">
      <Filter>algorithm</Filter>
    </ClCompile>
    <ClCompile Include="algorithm\find position.cpp">
      <Filter>algorithm</Filter>
    </ClCompile>
    <ClCompile Include="algorithm\sort3.cpp">
      <Filter>algorithm</Filter>
    </ClCompile>
    <ClCompile Include="cplusplus\array vs vector.cpp">
      <Filter>cplusplus</Filter>
    </ClCompile>
    <ClCompile Include="find 3 num appeared once.cpp">
      <Filter>algorithm</Filter>
    </ClCompile>
    <ClCompile Include="cplusplus\string.cpp">
      <Filter>cplusplus</Filter>
    </ClCompile>
    <ClCompile Include="cplusplus\destructor function.cpp">
      <Filter>cplusplus</Filter>
    </ClCompile>
    <ClCompile Include="internship\ms\ms2015_2.cpp">
      <Filter>internship\ms</Filter>
    </ClCompile>
    <ClCompile Include="internship\ms\ms2015_1.cpp">
      <Filter>internship\ms</Filter>
    </ClCompile>
    <ClCompile Include="algorithm\money allocation.cpp">
      <Filter>algorithm</Filter>
    </ClCompile>
    <ClCompile Include="cplusplus\vector.cpp">
      <Filter>cplusplus</Filter>
    </ClCompile>
    <ClCompile Include="cplusplus\reference.cpp">
      <Filter>cplusplus</Filter>
    </ClCompile>
    <ClCompile Include="recruitment\ms_string reorder.cpp">
      <Filter>internship\ms</Filter>
    </ClCompile>
    <ClCompile Include="cplusplus\const_static.cpp">
      <Filter>cplusplus</Filter>
    </ClCompile>
    <ClCompile Include="recruitment\red_envelop.cpp">
      <Filter>internship</Filter>
    </ClCompile>
    <ClCompile Include="recruitment\Seven-segment Display.cpp">
      <Filter>internship</Filter>
    </ClCompile>
    <ClCompile Include="recruitment\gcj_r0_1_Bad_Horse.cpp">
      <Filter>recruitment</Filter>
    </ClCompile>
  </ItemGroup>
  <ItemGroup>
    <CudaCompile Include="cuda\thrust_test.cu">
      <Filter>cuda</Filter>
    </CudaCompile>
    <CudaCompile Include="internship\cuda_prog_1.cu">
      <Filter>internship</Filter>
    </CudaCompile>
    <CudaCompile Include="cuda\array parameter.cu">
      <Filter>cuda</Filter>
    </CudaCompile>
    <CudaCompile Include="cuda\cuda_prop_0.cu">
      <Filter>cuda</Filter>
    </CudaCompile>
    <CudaCompile Include="cuda\device class member.cu">
      <Filter>cuda</Filter>
    </CudaCompile>
    <CudaCompile Include="cuda\two-dimensional array.cu">
      <Filter>cuda</Filter>
    </CudaCompile>
    <CudaCompile Include="cuda\const reference test.cu">
      <Filter>cuda</Filter>
    </CudaCompile>
  </ItemGroup>
  <ItemGroup>
    <ClInclude Include="cplusplus\template.h">
      <Filter>cplusplus</Filter>
    </ClInclude>
  </ItemGroup>
  <ItemGroup>
    <None Include="cuda\atomic.cuh">
      <Filter>cuda</Filter>
    </None>
  </ItemGroup>
</Project>